
Microsoft Visual Studio Solution File, Format Version 12.00
# Visual Studio 14
VisualStudioVersion = 14.0.25420.1
MinimumVisualStudioVersion = 10.0.40219.1
Project("{2150E333-8FDC-42A3-9474-1A3956D46DE8}") = "src", "src", "{20A34578-05B4-49C9-84F5-BB58B045764E}"
EndProject
Project("{2150E333-8FDC-42A3-9474-1A3956D46DE8}") = "Solution Items", "Solution Items", "{E269FB85-C0D3-42AB-AE50-BEFE5A930ECD}"
	ProjectSection(SolutionItems) = preProject
		global.json = global.json
	EndProjectSection
EndProject
Project("{2150E333-8FDC-42A3-9474-1A3956D46DE8}") = "lib", "lib", "{72DE4BC2-2370-4E45-9391-CA4A3923516D}"
EndProject
Project("{FAE04EC0-301F-11D3-BF4B-00C04F79EFBC}") = "ITCC.Logging.Core", "lib\ITCC.Library\ITCC.Logging.Core\ITCC.Logging.Core.csproj", "{FC73DFCF-4D11-4400-BB98-5115CA2608E1}"
EndProject
Project("{FAE04EC0-301F-11D3-BF4B-00C04F79EFBC}") = "MinjustParser", "src\MinjustParser\MinjustParser.csproj", "{6B8A55EE-0F2E-47B5-9A0D-9DBD83A58261}"
EndProject
Project("{FAE04EC0-301F-11D3-BF4B-00C04F79EFBC}") = "ITCC.Logging.Windows", "lib\ITCC.Library\ITCC.Logging.Windows\ITCC.Logging.Windows.csproj", "{BBC8B7E2-BFC2-4B03-BD01-5B6BD10649C1}"
EndProject
Global
	GlobalSection(SolutionConfigurationPlatforms) = preSolution
		Debug|Any CPU = Debug|Any CPU
		Debug|x64 = Debug|x64
		Debug|x86 = Debug|x86
		Release|Any CPU = Release|Any CPU
		Release|x64 = Release|x64
		Release|x86 = Release|x86
	EndGlobalSection
	GlobalSection(ProjectConfigurationPlatforms) = postSolution
		{FC73DFCF-4D11-4400-BB98-5115CA2608E1}.Debug|Any CPU.ActiveCfg = Debug|Any CPU
		{FC73DFCF-4D11-4400-BB98-5115CA2608E1}.Debug|Any CPU.Build.0 = Debug|Any CPU
		{FC73DFCF-4D11-4400-BB98-5115CA2608E1}.Debug|x64.ActiveCfg = Debug|x64
		{FC73DFCF-4D11-4400-BB98-5115CA2608E1}.Debug|x64.Build.0 = Debug|x64
		{FC73DFCF-4D11-4400-BB98-5115CA2608E1}.Debug|x86.ActiveCfg = Debug|x86
		{FC73DFCF-4D11-4400-BB98-5115CA2608E1}.Debug|x86.Build.0 = Debug|x86
		{FC73DFCF-4D11-4400-BB98-5115CA2608E1}.Release|Any CPU.ActiveCfg = Release|Any CPU
		{FC73DFCF-4D11-4400-BB98-5115CA2608E1}.Release|Any CPU.Build.0 = Release|Any CPU
		{FC73DFCF-4D11-4400-BB98-5115CA2608E1}.Release|x64.ActiveCfg = Release|x64
		{FC73DFCF-4D11-4400-BB98-5115CA2608E1}.Release|x64.Build.0 = Release|x64
		{FC73DFCF-4D11-4400-BB98-5115CA2608E1}.Release|x86.ActiveCfg = Release|x86
		{FC73DFCF-4D11-4400-BB98-5115CA2608E1}.Release|x86.Build.0 = Release|x86
		{6B8A55EE-0F2E-47B5-9A0D-9DBD83A58261}.Debug|Any CPU.ActiveCfg = Debug|Any CPU
		{6B8A55EE-0F2E-47B5-9A0D-9DBD83A58261}.Debug|Any CPU.Build.0 = Debug|Any CPU
		{6B8A55EE-0F2E-47B5-9A0D-9DBD83A58261}.Debug|x64.ActiveCfg = Debug|Any CPU
		{6B8A55EE-0F2E-47B5-9A0D-9DBD83A58261}.Debug|x64.Build.0 = Debug|Any CPU
		{6B8A55EE-0F2E-47B5-9A0D-9DBD83A58261}.Debug|x86.ActiveCfg = Debug|Any CPU
		{6B8A55EE-0F2E-47B5-9A0D-9DBD83A58261}.Debug|x86.Build.0 = Debug|Any CPU
		{6B8A55EE-0F2E-47B5-9A0D-9DBD83A58261}.Release|Any CPU.ActiveCfg = Release|Any CPU
		{6B8A55EE-0F2E-47B5-9A0D-9DBD83A58261}.Release|Any CPU.Build.0 = Release|Any CPU
		{6B8A55EE-0F2E-47B5-9A0D-9DBD83A58261}.Release|x64.ActiveCfg = Release|Any CPU
		{6B8A55EE-0F2E-47B5-9A0D-9DBD83A58261}.Release|x64.Build.0 = Release|Any CPU
		{6B8A55EE-0F2E-47B5-9A0D-9DBD83A58261}.Release|x86.ActiveCfg = Release|Any CPU
		{6B8A55EE-0F2E-47B5-9A0D-9DBD83A58261}.Release|x86.Build.0 = Release|Any CPU
		{BBC8B7E2-BFC2-4B03-BD01-5B6BD10649C1}.Debug|Any CPU.ActiveCfg = Debug|Any CPU
		{BBC8B7E2-BFC2-4B03-BD01-5B6BD10649C1}.Debug|Any CPU.Build.0 = Debug|Any CPU
		{BBC8B7E2-BFC2-4B03-BD01-5B6BD10649C1}.Debug|x64.ActiveCfg = Debug|x64
		{BBC8B7E2-BFC2-4B03-BD01-5B6BD10649C1}.Debug|x64.Build.0 = Debug|x64
		{BBC8B7E2-BFC2-4B03-BD01-5B6BD10649C1}.Debug|x86.ActiveCfg = Debug|x86
		{BBC8B7E2-BFC2-4B03-BD01-5B6BD10649C1}.Debug|x86.Build.0 = Debug|x86
		{BBC8B7E2-BFC2-4B03-BD01-5B6BD10649C1}.Release|Any CPU.ActiveCfg = Release|Any CPU
		{BBC8B7E2-BFC2-4B03-BD01-5B6BD10649C1}.Release|Any CPU.Build.0 = Release|Any CPU
		{BBC8B7E2-BFC2-4B03-BD01-5B6BD10649C1}.Release|x64.ActiveCfg = Release|x64
		{BBC8B7E2-BFC2-4B03-BD01-5B6BD10649C1}.Release|x64.Build.0 = Release|x64
		{BBC8B7E2-BFC2-4B03-BD01-5B6BD10649C1}.Release|x86.ActiveCfg = Release|x86
		{BBC8B7E2-BFC2-4B03-BD01-5B6BD10649C1}.Release|x86.Build.0 = Release|x86
	EndGlobalSection
	GlobalSection(SolutionProperties) = preSolution
		HideSolutionNode = FALSE
	EndGlobalSection
	GlobalSection(NestedProjects) = preSolution
		{FC73DFCF-4D11-4400-BB98-5115CA2608E1} = {72DE4BC2-2370-4E45-9391-CA4A3923516D}
		{6B8A55EE-0F2E-47B5-9A0D-9DBD83A58261} = {20A34578-05B4-49C9-84F5-BB58B045764E}
		{BBC8B7E2-BFC2-4B03-BD01-5B6BD10649C1} = {72DE4BC2-2370-4E45-9391-CA4A3923516D}
	EndGlobalSection
EndGlobal
